{
  "version": 4,
  "terraform_version": "1.1.8",
  "serial": 39,
  "lineage": "715dc18e-8886-1034-0969-085e94be72c4",
  "outputs": {
    "Password_FortiWeb": {
      "value": "i-0b0fcb7ea563b9a9c",
      "type": "string"
    },
    "Username_FortiWeb": {
      "value": "admin",
      "type": "string"
    }
  },
  "resources": [
    {
      "mode": "data",
      "type": "local_file",
      "name": "fgtvmprivatert_id",
      "provider": "provider[\"registry.terraform.io/hashicorp/local\"]",
      "instances": [
        {
          "schema_version": 0,
          "attributes": {
            "content": "rtb-0acbe7a85387b7e54",
            "content_base64": "cnRiLTBhY2JlN2E4NTM4N2I3ZTU0",
            "filename": "fgtvmprivatert_id",
            "id": "1a5ecdf09d887de621c3abdfc81cbcf872bc5562"
          },
          "sensitive_attributes": []
        }
      ]
    },
    {
      "mode": "data",
      "type": "local_file",
      "name": "privatesubnet_id",
      "provider": "provider[\"registry.terraform.io/hashicorp/local\"]",
      "instances": [
        {
          "schema_version": 0,
          "attributes": {
            "content": "subnet-0dbc8ac8d820bd149",
            "content_base64": "c3VibmV0LTBkYmM4YWM4ZDgyMGJkMTQ5",
            "filename": "privatesubnet_id",
            "id": "7f03b7db92ce184b551c9eb831bc8a3cbd550297"
          },
          "sensitive_attributes": []
        }
      ]
    },
    {
      "mode": "data",
      "type": "local_file",
      "name": "publicsubnet_id",
      "provider": "provider[\"registry.terraform.io/hashicorp/local\"]",
      "instances": [
        {
          "schema_version": 0,
          "attributes": {
            "content": "subnet-05b3f2f69aa46f040",
            "content_base64": "c3VibmV0LTA1YjNmMmY2OWFhNDZmMDQw",
            "filename": "publicsubnet_id",
            "id": "871438bebbc08253e611e7f1be71541070ec45e7"
          },
          "sensitive_attributes": []
        }
      ]
    },
    {
      "mode": "data",
      "type": "local_file",
      "name": "sg_internal_id",
      "provider": "provider[\"registry.terraform.io/hashicorp/local\"]",
      "instances": [
        {
          "schema_version": 0,
          "attributes": {
            "content": "sg-0bf4aa184e6950861",
            "content_base64": "c2ctMGJmNGFhMTg0ZTY5NTA4NjE=",
            "filename": "sg_internal_id",
            "id": "222c50a5d645c9cbe8c4e7e1cc759896bce6df25"
          },
          "sensitive_attributes": []
        }
      ]
    },
    {
      "mode": "data",
      "type": "local_file",
      "name": "sg_public_id",
      "provider": "provider[\"registry.terraform.io/hashicorp/local\"]",
      "instances": [
        {
          "schema_version": 0,
          "attributes": {
            "content": "sg-0370828bb08ee707a",
            "content_base64": "c2ctMDM3MDgyOGJiMDhlZTcwN2E=",
            "filename": "sg_public_id",
            "id": "f10dd8083df6c04524410fc28288f3cd276e99de"
          },
          "sensitive_attributes": []
        }
      ]
    },
    {
      "mode": "managed",
      "type": "aws_key_pair",
      "name": "my_key_pair",
      "provider": "provider[\"registry.terraform.io/hashicorp/aws\"]",
      "instances": [
        {
          "schema_version": 1,
          "attributes": {
            "arn": "arn:aws:ec2:eu-west-1:633496432202:key-pair/id_rsa",
            "fingerprint": "14:18:16:bd:11:24:02:cd:60:20:32:d4:44:3d:02:e9",
            "id": "id_rsa",
            "key_name": "id_rsa",
            "key_name_prefix": "",
            "key_pair_id": "key-059936901e6d98664",
            "public_key": "ssh-rsa AAAAB3NzaC1yc2EAAAADAQABAAABAQDp7AdScpCdokA0dwnOzLv43HbdELZ9jkH4cr3iykVvm8I4UbH9X/uWI06M9xmekh0WQ+AJ4YQZS3Eym42UE+Kb6ezw+SVUDvpB8V0EEh2Tt49jAc4/qI4AWe3FnERVfsgiAQY70QVqsULCzkOJpmU89kltxjgJDYaXTbK0VdtnZrt4AJYMAeftIvXF0M7xwVcoiRg0CRq0j+xnizMCsPGDaH7ubW8e+oweu5XbrvLIdnVAv/NxlTACX861KhNKQqSoXc1ko9rAYNFoxng5bCEeCwhBnUl4XASDV45wfwLrG7WwEbQ2U/nYqixJQsdOGjs3KRS8DS4pqRCwx7IYPeBR cloudshell-user@ip-10-0-50-172.eu-west-1.compute.internal",
            "tags": {},
            "tags_all": {}
          },
          "sensitive_attributes": [],
          "private": "eyJzY2hlbWFfdmVyc2lvbiI6IjEifQ=="
        }
      ]
    },
    {
      "module": "module.aws_fortigate_creation",
      "mode": "data",
      "type": "template_file",
      "name": "FortiGate",
      "provider": "provider[\"registry.terraform.io/hashicorp/template\"]",
      "instances": [
        {
          "schema_version": 0,
          "attributes": {
            "filename": null,
            "id": "f4e0a79d5db08f22067c3fbb4440e93c78b6bbe0f14e7c92a070e785ff6ea652",
            "rendered": "Content-Type: multipart/mixed; boundary=\"==AWS==\"\r\nMIME-Version: 1.0\r\n\r\n--==AWS==\r\nContent-Type: text/x-shellscript; charset=\"us-ascii\"\r\nMIME-Version: 1.0\r\n\r\nconfig system global\r\n\tset hostname FortiGate-VM-AWSONDEMAND\r\n\tset alias FortiGate-VM-AWSONDEMAND\r\n\tset allow-traffic-redirect disable\r\n\tset ipv6-allow-traffic-redirect disable\r\n\tset gui-local-out enable\r\n\tset admin-sport 8443\r\n\tset timezone 04\r\nend\r\nconfig user local\r\n\tedit AWS_DC\r\n\t\tset status enable\r\n\t\tset type password\r\n\t\tset passwd Fortinet1!\r\n\tnext\r\nend\r\nconfig user group\r\n\tedit AWS_DC\r\n\t\tset group-type firewall\r\n\t\tset member AWS_DC\r\n\tnext\r\nend\r\nconfig vpn ipsec phase1-interface\r\n    edit \"AWS-DC\"\r\n        set type dynamic\r\n        set interface \"port1\"\r\n        set peertype any\r\n        set net-device disable\r\n        set proposal aes128-sha256 aes256-sha256 aes128-sha1 aes256-sha1\r\n        set add-route disable\r\n        set dpd on-idle\r\n        set wizard-type hub-fortigate-auto-discovery\r\n        set auto-discovery-sender enable\r\n        set psksecret ENC vnIVwd5WsmBtvhB83vtZMktY0niPs5ckS1A1pA8rC/4mLvMxA7GLCcoTPaZaCNSqWhPPLSJbFUigFNUUptH65CufQiIor++GSt7U6VozxWzbPXHJ3/NLxWwoh1Azvh5FM3AepvBFLGPA2f9gHywqWjamecfqGfong/xZ3UzaiS8fHzien0bmuSlfJqhvmKk1rA/ioQ==\r\n    next\r\nend\r\nconfig vpn ipsec phase2-interface\r\n    edit \"AWS-DC\"\r\n        set phase1name \"AWS-DC\"\r\n        set proposal aes128-sha1 aes256-sha1 aes128-sha256 aes256-sha256 aes128gcm aes256gcm chacha20poly1305\r\n    next\r\nend\r\nconfig router prefix-list\r\n\tedit \"AWS_IN\"\r\n\t\tconfig rule\r\n\t\t\tedit 1\r\n\t\t\t\tset prefix 0.0.0.0 0.0.0.0\r\n\t\t\t\tunset ge\r\n\t\t\t\tset le 32\r\n\t\t\tnext\r\n\t\tend\r\n\tnext\r\n\tedit \"AWS_OUT\"\r\n\t\tconfig rule\r\n\t\t\tedit 1\r\n\t\t\t\tset prefix 0.0.0.0 0.0.0.0\r\n\t\t\t\tunset ge\r\n\t\t\t\tset le 32\r\n\t\t\tnext\r\n\t\tend\r\n\tnext\r\nend\r\nconfig router route-map\r\n\tedit \"AWS_IN\"\r\n\t\tconfig rule\r\n\t\t\tedit 1\r\n\t\t\t\tset match-ip-address \"AWS_IN\"\r\n\t\t\t\tunset set-ip-nexthop\r\n\t\t\t\tunset set-ip6-nexthop\r\n\t\t\t\tunset set-ip6-nexthop-local\r\n\t\t\t\tunset set-originator-id\r\n\t\t\tnext\r\n\t\tend\r\n\tnext\r\n\tedit \"AWS_OUT\"\r\n\t\tconfig rule\r\n\t\t\tedit 1\r\n\t\t\t\tset match-ip-address \"AWS_OUT\"\r\n\t\t\t\tunset set-ip-nexthop\r\n\t\t\t\tunset set-ip6-nexthop\r\n\t\t\t\tunset set-ip6-nexthop-local\r\n\t\t\t\tunset set-originator-id\r\n\t\t\tnext\r\n\t\tend\r\n\tnext\r\nend\r\nconfig router bgp\r\n    set as 65000\r\n    set network-import-check disable\r\n    config neighbor\r\n        edit \"10.10.40.3\"\r\n            set advertisement-interval 1\r\n            set link-down-failover enable\r\n            set remote-as 65000\r\n            set route-reflector-client enable\r\n        next\r\n    end\r\n    config network\r\n        edit 1\r\n            set prefix 10.10.2.0 255.255.255.0\r\n        next\r\n    end\r\n    config network6\r\n        edit 1\r\n            set prefix6 ::/128\r\n        next\r\n    end\r\nend\r\nconfig system interface\r\n\tedit port1\r\n\t\tset mode static\r\n\t\tset alias Unprotected-Network\r\n\t\tset ip 10.10.1.10 255.255.255.0\r\n\t\tset allowaccess ping https ssh fgfm\r\n\tnext\r\n\tedit port2\r\n\t\tset mode static\r\n\t\tset alias Protected-Network\r\n\t\tset ip 10.10.2.10 255.255.255.0\r\n\t\tset allowaccess ping https ssh fgfm\r\n\tnext\r\n\tedit \"AWS-DC\"\r\n\t\tset vdom \"root\"\r\n\t\tset ip 10.10.40.1 255.255.255.255\r\n\t\tset allowaccess ping\r\n\t\tset type tunnel\r\n\t\tset remote-ip 10.10.40.2 255.255.255.0\r\n\t\tset interface \"port1\"\r\n\tnext\r\nend\r\nconfig system admin\r\n\tset accprofile \"super_admin\"\r\n\tset password Fortinet1!\r\nend\r\n#config firewall vip\r\n#\tedit FortiWeb\r\n#\t\tset extip 10.10.1.10\r\n#\t\tset mappedip 10.10.2.11\r\n#\t\tset extintf any\r\n#\t\tset portforward enable\r\n#\t\tset extport 9443\r\n#\t\tset mappedport 8443\r\n#\tnext\r\n#\tedit Web_Server\r\n#\t\tset extip 10.10.1.10\r\n#\t\tset mappedip 10.10.2.12\r\n#\t\tset extintf any\r\n#\t\tset portforward enable\r\n#\t\tset extport 80\r\n#\t\tset mappedport 80\r\n#\tnext\r\n#end\r\nconfig firewall address\r\n\tedit Protected-Network\r\n\t\tset subnet 10.10.2.0 255.255.255.0\r\n\tnext\r\n\tedit \"AWS-DC_local_subnet_1\"\r\n        set allow-routing enable\r\n        set subnet 10.10.2.0 255.255.255.0\r\n    next\r\nend\r\nconfig firewall addrgrp\r\n    edit \"AWS-DC_local\"\r\n        set member \"AWS-DC_local_subnet_1\"\r\n        set allow-routing enable\r\n    next\r\nend\r\nconfig firewall policy\r\n#\tedit 1\r\n#\t\tset name Access_to_FortiWeb\r\n#\t\tset srcintf port1\r\n#\t\tset dstintf port2\r\n#\t\tset action accept\r\n#\t\tset srcaddr all\r\n#\t\tset dstaddr FortiWeb\r\n#\t\tset schedule always\r\n#\t\tset service ALL\r\n#\t\tset logtraffic all\r\n#\tnext\r\n\tedit 2\r\n\t\tset name Protected-Network-to-Internet\r\n\t\tset srcintf port2\r\n\t\tset dstintf port1\r\n\t\tset action accept\r\n\t\tset srcaddr Protected-Network\r\n\t\tset dstaddr all\r\n\t\tset service ALL\r\n\t\tset logtraffic all\r\n\t\tset nat enable\r\n\t\tset schedule always\r\n\tnext\r\n#\tedit 3\r\n#\t\tset name Access_to_WebServer\r\n#\t\tset srcintf port1\r\n#\t\tset dstintf port2\r\n#\t\tset action accept\r\n#\t\tset srcaddr all\r\n#\t\tset dstaddr Web_Server\r\n#\t\tset schedule always\r\n#\t\tset service HTTP\r\n#\t\tset logtraffic all\r\n#\tnext\r\n    edit 4\r\n        set name \"vpn_AWS-DC_spoke2hub_0\"\r\n        set srcintf \"AWS-DC\"\r\n        set dstintf \"port2\"\r\n        set action accept\r\n        set srcaddr \"all\"\r\n        set dstaddr \"AWS-DC_local\"\r\n        set schedule \"always\"\r\n        set service \"ALL\"\r\n    next\r\n    edit 5\r\n        set name \"vpn_AWS-DC_spoke2spoke_0\"\r\n        set srcintf \"port2\"\r\n        set dstintf \"AWS-DC\"\r\n        set action accept\r\n        set srcaddr \"all\"\r\n        set dstaddr \"all\"\r\n        set schedule \"always\"\r\n        set service \"ALL\"\r\n    next\r\nend\r\nconf router static\r\n\tedit 1\r\n\t\tset status enable\r\n\t\tset dst 0.0.0.0/0\r\n\t\tset gateway 10.10.1.1\r\n\t\tset device port1\r\n\tnext\r\nend\r\n\r\n\r\n\r\n--==AWS==--",
            "template": "Content-Type: multipart/mixed; boundary=\"==AWS==\"\r\nMIME-Version: 1.0\r\n\r\n--==AWS==\r\nContent-Type: text/x-shellscript; charset=\"us-ascii\"\r\nMIME-Version: 1.0\r\n\r\nconfig system global\r\n\tset hostname FortiGate-VM-AWSONDEMAND\r\n\tset alias FortiGate-VM-AWSONDEMAND\r\n\tset allow-traffic-redirect disable\r\n\tset ipv6-allow-traffic-redirect disable\r\n\tset gui-local-out enable\r\n\tset admin-sport ${adminsport}\r\n\tset timezone 04\r\nend\r\nconfig user local\r\n\tedit AWS_DC\r\n\t\tset status enable\r\n\t\tset type password\r\n\t\tset passwd Fortinet1!\r\n\tnext\r\nend\r\nconfig user group\r\n\tedit AWS_DC\r\n\t\tset group-type firewall\r\n\t\tset member AWS_DC\r\n\tnext\r\nend\r\nconfig vpn ipsec phase1-interface\r\n    edit \"AWS-DC\"\r\n        set type dynamic\r\n        set interface \"port1\"\r\n        set peertype any\r\n        set net-device disable\r\n        set proposal aes128-sha256 aes256-sha256 aes128-sha1 aes256-sha1\r\n        set add-route disable\r\n        set dpd on-idle\r\n        set wizard-type hub-fortigate-auto-discovery\r\n        set auto-discovery-sender enable\r\n        set psksecret ENC vnIVwd5WsmBtvhB83vtZMktY0niPs5ckS1A1pA8rC/4mLvMxA7GLCcoTPaZaCNSqWhPPLSJbFUigFNUUptH65CufQiIor++GSt7U6VozxWzbPXHJ3/NLxWwoh1Azvh5FM3AepvBFLGPA2f9gHywqWjamecfqGfong/xZ3UzaiS8fHzien0bmuSlfJqhvmKk1rA/ioQ==\r\n    next\r\nend\r\nconfig vpn ipsec phase2-interface\r\n    edit \"AWS-DC\"\r\n        set phase1name \"AWS-DC\"\r\n        set proposal aes128-sha1 aes256-sha1 aes128-sha256 aes256-sha256 aes128gcm aes256gcm chacha20poly1305\r\n    next\r\nend\r\nconfig router prefix-list\r\n\tedit \"AWS_IN\"\r\n\t\tconfig rule\r\n\t\t\tedit 1\r\n\t\t\t\tset prefix 0.0.0.0 0.0.0.0\r\n\t\t\t\tunset ge\r\n\t\t\t\tset le 32\r\n\t\t\tnext\r\n\t\tend\r\n\tnext\r\n\tedit \"AWS_OUT\"\r\n\t\tconfig rule\r\n\t\t\tedit 1\r\n\t\t\t\tset prefix 0.0.0.0 0.0.0.0\r\n\t\t\t\tunset ge\r\n\t\t\t\tset le 32\r\n\t\t\tnext\r\n\t\tend\r\n\tnext\r\nend\r\nconfig router route-map\r\n\tedit \"AWS_IN\"\r\n\t\tconfig rule\r\n\t\t\tedit 1\r\n\t\t\t\tset match-ip-address \"AWS_IN\"\r\n\t\t\t\tunset set-ip-nexthop\r\n\t\t\t\tunset set-ip6-nexthop\r\n\t\t\t\tunset set-ip6-nexthop-local\r\n\t\t\t\tunset set-originator-id\r\n\t\t\tnext\r\n\t\tend\r\n\tnext\r\n\tedit \"AWS_OUT\"\r\n\t\tconfig rule\r\n\t\t\tedit 1\r\n\t\t\t\tset match-ip-address \"AWS_OUT\"\r\n\t\t\t\tunset set-ip-nexthop\r\n\t\t\t\tunset set-ip6-nexthop\r\n\t\t\t\tunset set-ip6-nexthop-local\r\n\t\t\t\tunset set-originator-id\r\n\t\t\tnext\r\n\t\tend\r\n\tnext\r\nend\r\nconfig router bgp\r\n    set as 65000\r\n    set network-import-check disable\r\n    config neighbor\r\n        edit \"10.10.40.3\"\r\n            set advertisement-interval 1\r\n            set link-down-failover enable\r\n            set remote-as 65000\r\n            set route-reflector-client enable\r\n        next\r\n    end\r\n    config network\r\n        edit 1\r\n            set prefix 10.10.2.0 255.255.255.0\r\n        next\r\n    end\r\n    config network6\r\n        edit 1\r\n            set prefix6 ::/128\r\n        next\r\n    end\r\nend\r\nconfig system interface\r\n\tedit port1\r\n\t\tset mode static\r\n\t\tset alias Unprotected-Network\r\n\t\tset ip 10.10.1.10 255.255.255.0\r\n\t\tset allowaccess ping https ssh fgfm\r\n\tnext\r\n\tedit port2\r\n\t\tset mode static\r\n\t\tset alias Protected-Network\r\n\t\tset ip 10.10.2.10 255.255.255.0\r\n\t\tset allowaccess ping https ssh fgfm\r\n\tnext\r\n\tedit \"AWS-DC\"\r\n\t\tset vdom \"root\"\r\n\t\tset ip 10.10.40.1 255.255.255.255\r\n\t\tset allowaccess ping\r\n\t\tset type tunnel\r\n\t\tset remote-ip 10.10.40.2 255.255.255.0\r\n\t\tset interface \"port1\"\r\n\tnext\r\nend\r\nconfig system admin\r\n\tset accprofile \"super_admin\"\r\n\tset password ${admin_password}\r\nend\r\n#config firewall vip\r\n#\tedit FortiWeb\r\n#\t\tset extip 10.10.1.10\r\n#\t\tset mappedip 10.10.2.11\r\n#\t\tset extintf any\r\n#\t\tset portforward enable\r\n#\t\tset extport 9443\r\n#\t\tset mappedport 8443\r\n#\tnext\r\n#\tedit Web_Server\r\n#\t\tset extip 10.10.1.10\r\n#\t\tset mappedip 10.10.2.12\r\n#\t\tset extintf any\r\n#\t\tset portforward enable\r\n#\t\tset extport 80\r\n#\t\tset mappedport 80\r\n#\tnext\r\n#end\r\nconfig firewall address\r\n\tedit Protected-Network\r\n\t\tset subnet 10.10.2.0 255.255.255.0\r\n\tnext\r\n\tedit \"AWS-DC_local_subnet_1\"\r\n        set allow-routing enable\r\n        set subnet 10.10.2.0 255.255.255.0\r\n    next\r\nend\r\nconfig firewall addrgrp\r\n    edit \"AWS-DC_local\"\r\n        set member \"AWS-DC_local_subnet_1\"\r\n        set allow-routing enable\r\n    next\r\nend\r\nconfig firewall policy\r\n#\tedit 1\r\n#\t\tset name Access_to_FortiWeb\r\n#\t\tset srcintf port1\r\n#\t\tset dstintf port2\r\n#\t\tset action accept\r\n#\t\tset srcaddr all\r\n#\t\tset dstaddr FortiWeb\r\n#\t\tset schedule always\r\n#\t\tset service ALL\r\n#\t\tset logtraffic all\r\n#\tnext\r\n\tedit 2\r\n\t\tset name Protected-Network-to-Internet\r\n\t\tset srcintf port2\r\n\t\tset dstintf port1\r\n\t\tset action accept\r\n\t\tset srcaddr Protected-Network\r\n\t\tset dstaddr all\r\n\t\tset service ALL\r\n\t\tset logtraffic all\r\n\t\tset nat enable\r\n\t\tset schedule always\r\n\tnext\r\n#\tedit 3\r\n#\t\tset name Access_to_WebServer\r\n#\t\tset srcintf port1\r\n#\t\tset dstintf port2\r\n#\t\tset action accept\r\n#\t\tset srcaddr all\r\n#\t\tset dstaddr Web_Server\r\n#\t\tset schedule always\r\n#\t\tset service HTTP\r\n#\t\tset logtraffic all\r\n#\tnext\r\n    edit 4\r\n        set name \"vpn_AWS-DC_spoke2hub_0\"\r\n        set srcintf \"AWS-DC\"\r\n        set dstintf \"port2\"\r\n        set action accept\r\n        set srcaddr \"all\"\r\n        set dstaddr \"AWS-DC_local\"\r\n        set schedule \"always\"\r\n        set service \"ALL\"\r\n    next\r\n    edit 5\r\n        set name \"vpn_AWS-DC_spoke2spoke_0\"\r\n        set srcintf \"port2\"\r\n        set dstintf \"AWS-DC\"\r\n        set action accept\r\n        set srcaddr \"all\"\r\n        set dstaddr \"all\"\r\n        set schedule \"always\"\r\n        set service \"ALL\"\r\n    next\r\nend\r\nconf router static\r\n\tedit 1\r\n\t\tset status enable\r\n\t\tset dst 0.0.0.0/0\r\n\t\tset gateway 10.10.1.1\r\n\t\tset device port1\r\n\tnext\r\nend\r\n\r\n\r\n%{ if type == \"byol\" }\r\n--==AWS==\r\nContent-Type: text/plain; charset=\"us-ascii\"\r\nMIME-Version: 1.0\r\nContent-Transfer-Encoding: 7bit\r\nContent-Disposition: attachment; filename=\"license\"\r\n\r\n${file(license_file)}\r\n\r\n%{ endif }\r\n--==AWS==--",
            "vars": {
              "admin_password": "Fortinet1!",
              "adminsport": "8443",
              "license_file": "license.lic",
              "type": "payg"
            }
          },
          "sensitive_attributes": []
        }
      ]
    },
    {
      "module": "module.aws_fortigate_creation",
      "mode": "managed",
      "type": "aws_eip",
      "name": "FGTPublicIP",
      "provider": "provider[\"registry.terraform.io/hashicorp/aws\"]",
      "instances": [
        {
          "schema_version": 0,
          "attributes": {
            "address": null,
            "allocation_id": "eipalloc-05cbda9de4c34f170",
            "associate_with_private_ip": null,
            "association_id": "eipassoc-01cdd41515683f5a2",
            "carrier_ip": "",
            "customer_owned_ip": "",
            "customer_owned_ipv4_pool": "",
            "domain": "vpc",
            "id": "eipalloc-05cbda9de4c34f170",
            "instance": "i-0d091f340e8dc969c",
            "network_border_group": "eu-west-1",
            "network_interface": "eni-0471ab7acc4a59d95",
            "private_dns": "ip-10-10-1-10.eu-west-1.compute.internal",
            "private_ip": "10.10.1.10",
            "public_dns": "ec2-52-208-173-81.eu-west-1.compute.amazonaws.com",
            "public_ip": "52.208.173.81",
            "public_ipv4_pool": "amazon",
            "tags": {},
            "tags_all": {},
            "timeouts": null,
            "vpc": true
          },
          "sensitive_attributes": [],
          "private": "eyJlMmJmYjczMC1lY2FhLTExZTYtOGY4OC0zNDM2M2JjN2M0YzAiOnsiZGVsZXRlIjoxODAwMDAwMDAwMDAsInJlYWQiOjkwMDAwMDAwMDAwMCwidXBkYXRlIjozMDAwMDAwMDAwMDB9fQ==",
          "dependencies": [
            "data.local_file.privatesubnet_id",
            "data.local_file.publicsubnet_id",
            "module.aws_fortigate_creation.aws_iam_instance_profile.this",
            "module.aws_fortigate_creation.aws_iam_role.this",
            "module.aws_fortigate_creation.aws_instance.fgtvm",
            "module.aws_fortigate_creation.aws_network_interface.eth0",
            "module.aws_fortigate_creation.aws_network_interface.eth1",
            "module.aws_fortigate_creation.data.template_file.FortiGate"
          ]
        }
      ]
    },
    {
      "module": "module.aws_fortigate_creation",
      "mode": "managed",
      "type": "aws_iam_instance_profile",
      "name": "this",
      "provider": "provider[\"registry.terraform.io/hashicorp/aws\"]",
      "instances": [
        {
          "schema_version": 0,
          "attributes": {
            "arn": "arn:aws:iam::633496432202:instance-profile/FFT_Instance_Profile",
            "create_date": "2025-02-26T05:50:12Z",
            "id": "FFT_Instance_Profile",
            "name": "FFT_Instance_Profile",
            "name_prefix": null,
            "path": "/",
            "role": "FFT_IAM_Role",
            "tags": {},
            "tags_all": {},
            "unique_id": "AIPAZG72UNZFCXNZR3QCW"
          },
          "sensitive_attributes": [],
          "private": "bnVsbA==",
          "dependencies": [
            "module.aws_fortigate_creation.aws_iam_role.this"
          ]
        }
      ]
    },
    {
      "module": "module.aws_fortigate_creation",
      "mode": "managed",
      "type": "aws_iam_role",
      "name": "this",
      "provider": "provider[\"registry.terraform.io/hashicorp/aws\"]",
      "instances": [
        {
          "schema_version": 0,
          "attributes": {
            "arn": "arn:aws:iam::633496432202:role/FFT_IAM_Role",
            "assume_role_policy": "{\"Version\":\"2012-10-17\",\"Statement\":[{\"Sid\":\"\",\"Effect\":\"Allow\",\"Principal\":{\"Service\":\"ec2.amazonaws.com\"},\"Action\":\"sts:AssumeRole\"}]}",
            "create_date": "2025-02-26T05:50:11Z",
            "description": "",
            "force_detach_policies": false,
            "id": "FFT_IAM_Role",
            "inline_policy": [
              {
                "name": "",
                "policy": ""
              }
            ],
            "managed_policy_arns": [
              "arn:aws:iam::aws:policy/AmazonEC2ReadOnlyAccess"
            ],
            "max_session_duration": 3600,
            "name": "FFT_IAM_Role",
            "name_prefix": "",
            "path": "/",
            "permissions_boundary": null,
            "tags": {},
            "tags_all": {},
            "unique_id": "AROAZG72UNZFKK4YAIKCG"
          },
          "sensitive_attributes": [],
          "private": "bnVsbA=="
        }
      ]
    },
    {
      "module": "module.aws_fortigate_creation",
      "mode": "managed",
      "type": "aws_iam_role_policy_attachment",
      "name": "sdn_access",
      "provider": "provider[\"registry.terraform.io/hashicorp/aws\"]",
      "instances": [
        {
          "index_key": 0,
          "schema_version": 0,
          "attributes": {
            "id": "FFT_IAM_Role-20250226055012510200000001",
            "policy_arn": "arn:aws:iam::aws:policy/AmazonEC2ReadOnlyAccess",
            "role": "FFT_IAM_Role"
          },
          "sensitive_attributes": [],
          "private": "bnVsbA==",
          "dependencies": [
            "module.aws_fortigate_creation.aws_iam_role.this"
          ]
        }
      ]
    },
    {
      "module": "module.aws_fortigate_creation",
      "mode": "managed",
      "type": "aws_instance",
      "name": "fgtvm",
      "provider": "provider[\"registry.terraform.io/hashicorp/aws\"]",
      "instances": [
        {
          "schema_version": 1,
          "attributes": {
            "ami": "ami-0788ecffa9d575080",
            "arn": "arn:aws:ec2:eu-west-1:633496432202:instance/i-0d091f340e8dc969c",
            "associate_public_ip_address": true,
            "availability_zone": "eu-west-1a",
            "capacity_reservation_specification": [
              {
                "capacity_reservation_preference": "open",
                "capacity_reservation_target": []
              }
            ],
            "cpu_core_count": 2,
            "cpu_threads_per_core": 2,
            "credit_specification": [],
            "disable_api_termination": false,
            "ebs_block_device": [
              {
                "delete_on_termination": true,
                "device_name": "/dev/sdb",
                "encrypted": false,
                "iops": 0,
                "kms_key_id": "",
                "snapshot_id": "",
                "tags": {},
                "throughput": 0,
                "volume_id": "vol-09a23993ed7023c9d",
                "volume_size": 30,
                "volume_type": "standard"
              }
            ],
            "ebs_optimized": false,
            "enclave_options": [
              {
                "enabled": false
              }
            ],
            "ephemeral_block_device": [],
            "get_password_data": false,
            "hibernation": false,
            "host_id": null,
            "iam_instance_profile": "FFT_Instance_Profile",
            "id": "i-0d091f340e8dc969c",
            "instance_initiated_shutdown_behavior": "stop",
            "instance_state": "running",
            "instance_type": "c5n.xlarge",
            "ipv6_address_count": 0,
            "ipv6_addresses": [],
            "key_name": "id_rsa",
            "launch_template": [],
            "maintenance_options": [
              {
                "auto_recovery": "default"
              }
            ],
            "metadata_options": [
              {
                "http_endpoint": "enabled",
                "http_put_response_hop_limit": 1,
                "http_tokens": "optional",
                "instance_metadata_tags": "disabled"
              }
            ],
            "monitoring": false,
            "network_interface": [
              {
                "delete_on_termination": false,
                "device_index": 0,
                "network_card_index": 0,
                "network_interface_id": "eni-0471ab7acc4a59d95"
              },
              {
                "delete_on_termination": false,
                "device_index": 1,
                "network_card_index": 0,
                "network_interface_id": "eni-02a3166345759f036"
              }
            ],
            "outpost_arn": "",
            "password_data": "",
            "placement_group": "",
            "placement_partition_number": null,
            "primary_network_interface_id": "eni-0471ab7acc4a59d95",
            "private_dns": "ip-10-10-1-10.eu-west-1.compute.internal",
            "private_ip": "10.10.1.10",
            "public_dns": "ec2-52-208-173-81.eu-west-1.compute.amazonaws.com",
            "public_ip": "52.208.173.81",
            "root_block_device": [
              {
                "delete_on_termination": true,
                "device_name": "/dev/sda1",
                "encrypted": false,
                "iops": 0,
                "kms_key_id": "",
                "tags": {},
                "throughput": 0,
                "volume_id": "vol-0c7d86c59f2dd197d",
                "volume_size": 2,
                "volume_type": "standard"
              }
            ],
            "secondary_private_ips": [],
            "security_groups": [],
            "source_dest_check": true,
            "subnet_id": "subnet-05b3f2f69aa46f040",
            "tags": {
              "Name": "FortiGateVM"
            },
            "tags_all": {
              "Name": "FortiGateVM"
            },
            "tenancy": "default",
            "timeouts": null,
            "user_data": "090f24008a3eb33385152aab7200d110cab5330a",
            "user_data_base64": null,
            "user_data_replace_on_change": false,
            "volume_tags": null,
            "vpc_security_group_ids": [
              "sg-0370828bb08ee707a",
              "sg-03b83e3e329251a62"
            ]
          },
          "sensitive_attributes": [],
          "private": "eyJlMmJmYjczMC1lY2FhLTExZTYtOGY4OC0zNDM2M2JjN2M0YzAiOnsiY3JlYXRlIjo2MDAwMDAwMDAwMDAsImRlbGV0ZSI6MTIwMDAwMDAwMDAwMCwidXBkYXRlIjo2MDAwMDAwMDAwMDB9LCJzY2hlbWFfdmVyc2lvbiI6IjEifQ==",
          "dependencies": [
            "data.local_file.privatesubnet_id",
            "data.local_file.publicsubnet_id",
            "module.aws_fortigate_creation.aws_iam_instance_profile.this",
            "module.aws_fortigate_creation.aws_iam_role.this",
            "module.aws_fortigate_creation.aws_network_interface.eth0",
            "module.aws_fortigate_creation.aws_network_interface.eth1",
            "module.aws_fortigate_creation.data.template_file.FortiGate"
          ]
        }
      ]
    },
    {
      "module": "module.aws_fortigate_creation",
      "mode": "managed",
      "type": "aws_network_interface",
      "name": "eth0",
      "provider": "provider[\"registry.terraform.io/hashicorp/aws\"]",
      "instances": [
        {
          "schema_version": 0,
          "attributes": {
            "arn": "arn:aws:ec2:eu-west-1:633496432202:network-interface/eni-0471ab7acc4a59d95",
            "attachment": [
              {
                "attachment_id": "eni-attach-02802d99657dd085c",
                "device_index": 0,
                "instance": "i-0d091f340e8dc969c"
              }
            ],
            "description": "fgtvm-port1",
            "id": "eni-0471ab7acc4a59d95",
            "interface_type": "interface",
            "ipv4_prefix_count": 0,
            "ipv4_prefixes": [],
            "ipv6_address_count": 0,
            "ipv6_address_list": [],
            "ipv6_address_list_enabled": false,
            "ipv6_addresses": [],
            "ipv6_prefix_count": 0,
            "ipv6_prefixes": [],
            "mac_address": "0a:98:30:7b:04:cd",
            "outpost_arn": "",
            "owner_id": "633496432202",
            "private_dns_name": "ip-10-10-1-10.eu-west-1.compute.internal",
            "private_ip": "10.10.1.10",
            "private_ip_list": [
              "10.10.1.10"
            ],
            "private_ip_list_enabled": false,
            "private_ips": [
              "10.10.1.10"
            ],
            "private_ips_count": 0,
            "security_groups": [
              "sg-0370828bb08ee707a",
              "sg-03b83e3e329251a62"
            ],
            "source_dest_check": true,
            "subnet_id": "subnet-05b3f2f69aa46f040",
            "tags": {},
            "tags_all": {}
          },
          "sensitive_attributes": [],
          "private": "bnVsbA==",
          "dependencies": [
            "data.local_file.publicsubnet_id"
          ]
        }
      ]
    },
    {
      "module": "module.aws_fortigate_creation",
      "mode": "managed",
      "type": "aws_network_interface",
      "name": "eth1",
      "provider": "provider[\"registry.terraform.io/hashicorp/aws\"]",
      "instances": [
        {
          "schema_version": 0,
          "attributes": {
            "arn": "arn:aws:ec2:eu-west-1:633496432202:network-interface/eni-02a3166345759f036",
            "attachment": [
              {
                "attachment_id": "eni-attach-0f772516f1ebd8847",
                "device_index": 1,
                "instance": "i-0d091f340e8dc969c"
              }
            ],
            "description": "fgtvm-port2",
            "id": "eni-02a3166345759f036",
            "interface_type": "interface",
            "ipv4_prefix_count": 0,
            "ipv4_prefixes": [],
            "ipv6_address_count": 0,
            "ipv6_address_list": [],
            "ipv6_address_list_enabled": false,
            "ipv6_addresses": [],
            "ipv6_prefix_count": 0,
            "ipv6_prefixes": [],
            "mac_address": "0a:ae:83:14:3c:c3",
            "outpost_arn": "",
            "owner_id": "633496432202",
            "private_dns_name": "ip-10-10-2-10.eu-west-1.compute.internal",
            "private_ip": "10.10.2.10",
            "private_ip_list": [
              "10.10.2.10"
            ],
            "private_ip_list_enabled": false,
            "private_ips": [
              "10.10.2.10"
            ],
            "private_ips_count": 0,
            "security_groups": [
              "sg-03b83e3e329251a62",
              "sg-0bf4aa184e6950861"
            ],
            "source_dest_check": false,
            "subnet_id": "subnet-0dbc8ac8d820bd149",
            "tags": {},
            "tags_all": {}
          },
          "sensitive_attributes": [],
          "private": "bnVsbA==",
          "dependencies": [
            "data.local_file.privatesubnet_id"
          ]
        }
      ]
    },
    {
      "module": "module.aws_fortigate_creation",
      "mode": "managed",
      "type": "aws_network_interface_sg_attachment",
      "name": "internalattachment",
      "provider": "provider[\"registry.terraform.io/hashicorp/aws\"]",
      "instances": [
        {
          "schema_version": 0,
          "attributes": {
            "id": "sg-0bf4aa184e6950861_eni-02a3166345759f036",
            "network_interface_id": "eni-02a3166345759f036",
            "security_group_id": "sg-0bf4aa184e6950861"
          },
          "sensitive_attributes": [],
          "private": "bnVsbA==",
          "dependencies": [
            "data.local_file.privatesubnet_id",
            "data.local_file.sg_internal_id",
            "module.aws_fortigate_creation.aws_network_interface.eth1"
          ]
        }
      ]
    },
    {
      "module": "module.aws_fortigate_creation",
      "mode": "managed",
      "type": "aws_network_interface_sg_attachment",
      "name": "publicattachment",
      "provider": "provider[\"registry.terraform.io/hashicorp/aws\"]",
      "instances": [
        {
          "schema_version": 0,
          "attributes": {
            "id": "sg-0370828bb08ee707a_eni-0471ab7acc4a59d95",
            "network_interface_id": "eni-0471ab7acc4a59d95",
            "security_group_id": "sg-0370828bb08ee707a"
          },
          "sensitive_attributes": [],
          "private": "bnVsbA==",
          "dependencies": [
            "data.local_file.publicsubnet_id",
            "data.local_file.sg_public_id",
            "module.aws_fortigate_creation.aws_network_interface.eth0"
          ]
        }
      ]
    },
    {
      "module": "module.aws_fortigate_creation",
      "mode": "managed",
      "type": "aws_route",
      "name": "internalroute",
      "provider": "provider[\"registry.terraform.io/hashicorp/aws\"]",
      "instances": [
        {
          "schema_version": 0,
          "attributes": {
            "carrier_gateway_id": "",
            "core_network_arn": "",
            "destination_cidr_block": "0.0.0.0/0",
            "destination_ipv6_cidr_block": "",
            "destination_prefix_list_id": "",
            "egress_only_gateway_id": "",
            "gateway_id": "",
            "id": "r-rtb-0acbe7a85387b7e541080289494",
            "instance_id": "i-0d091f340e8dc969c",
            "instance_owner_id": "633496432202",
            "local_gateway_id": "",
            "nat_gateway_id": "",
            "network_interface_id": "eni-02a3166345759f036",
            "origin": "CreateRoute",
            "route_table_id": "rtb-0acbe7a85387b7e54",
            "state": "active",
            "timeouts": null,
            "transit_gateway_id": "",
            "vpc_endpoint_id": "",
            "vpc_peering_connection_id": ""
          },
          "sensitive_attributes": [],
          "private": "eyJlMmJmYjczMC1lY2FhLTExZTYtOGY4OC0zNDM2M2JjN2M0YzAiOnsiY3JlYXRlIjozMDAwMDAwMDAwMDAsImRlbGV0ZSI6MzAwMDAwMDAwMDAwLCJ1cGRhdGUiOjEyMDAwMDAwMDAwMH19",
          "dependencies": [
            "data.local_file.fgtvmprivatert_id",
            "data.local_file.privatesubnet_id",
            "data.local_file.publicsubnet_id",
            "module.aws_fortigate_creation.aws_iam_instance_profile.this",
            "module.aws_fortigate_creation.aws_iam_role.this",
            "module.aws_fortigate_creation.aws_instance.fgtvm",
            "module.aws_fortigate_creation.aws_network_interface.eth0",
            "module.aws_fortigate_creation.aws_network_interface.eth1",
            "module.aws_fortigate_creation.data.template_file.FortiGate"
          ]
        }
      ]
    },
    {
      "module": "module.aws_fortiweb_creation",
      "mode": "data",
      "type": "template_file",
      "name": "FortiWeb",
      "provider": "provider[\"registry.terraform.io/hashicorp/template\"]",
      "instances": [
        {
          "schema_version": 0,
          "attributes": {
            "filename": null,
            "id": "0b4a7c338d9d776d17a44f5549f9dbecee83268cdd5b12dbdf5f27fbbd5a71fb",
            "rendered": "Content-Type: multipart/mixed; boundary=\"==AWS==\"\r\nMIME-Version: 1.0\r\n\r\n--==AWS==\r\nContent-Type: text/x-shellscript; charset=\"us-ascii\"\r\nMIME-Version: 1.0\r\n\r\nconfig system global\r\nset hostname FWEB-AWS\r\nset admin-sport 9443\r\nend\r\nconfig system interface\r\nedit port1\r\nset mode static\r\nset alias Protected-Network\r\nset ip 10.10.2.11 255.255.255.0\r\nset allowaccess ping https ssh fgfm\r\nnext\r\nend\r\nconfig router static\r\nedit 1\r\nset status enable\r\nset dst 0.0.0.0/0\r\nset gateway 10.10.2.10\r\nset device port1\r\nnext\r\nend\r\n\r\nconfig system admin\r\nset accprofile \"super_admin\"\r\nset password Fortinet1!\r\nend\r\n\r\n\r\n--==AWS==--",
            "template": "Content-Type: multipart/mixed; boundary=\"==AWS==\"\r\nMIME-Version: 1.0\r\n\r\n--==AWS==\r\nContent-Type: text/x-shellscript; charset=\"us-ascii\"\r\nMIME-Version: 1.0\r\n\r\nconfig system global\r\nset hostname FWEB-AWS\r\nset admin-sport ${adminsport}\r\nend\r\nconfig system interface\r\nedit port1\r\nset mode static\r\nset alias Protected-Network\r\nset ip 10.10.2.11 255.255.255.0\r\nset allowaccess ping https ssh fgfm\r\nnext\r\nend\r\nconfig router static\r\nedit 1\r\nset status enable\r\nset dst 0.0.0.0/0\r\nset gateway 10.10.2.10\r\nset device port1\r\nnext\r\nend\r\n\r\nconfig system admin\r\nset accprofile \"super_admin\"\r\nset password ${admin_password}\r\nend\r\n\r\n%{ if type == \"byol\" }\r\n--==AWS==\r\nContent-Type: text/plain; charset=\"us-ascii\"\r\nMIME-Version: 1.0\r\nContent-Transfer-Encoding: 7bit\r\nContent-Disposition: attachment; filename=\"license\"\r\n\r\n${file(license_file)}\r\n\r\n%{ endif }\r\n--==AWS==--",
            "vars": {
              "admin_password": "Fortinet1!",
              "adminsport": "9443",
              "license_file": "license.lic",
              "type": "payg"
            }
          },
          "sensitive_attributes": []
        }
      ]
    },
    {
      "module": "module.aws_fortiweb_creation",
      "mode": "managed",
      "type": "aws_instance",
      "name": "fweb",
      "provider": "provider[\"registry.terraform.io/hashicorp/aws\"]",
      "instances": [
        {
          "schema_version": 1,
          "attributes": {
            "ami": "ami-0081159a78a9b033d",
            "arn": "arn:aws:ec2:eu-west-1:633496432202:instance/i-0b0fcb7ea563b9a9c",
            "associate_public_ip_address": false,
            "availability_zone": "eu-west-1a",
            "capacity_reservation_specification": [
              {
                "capacity_reservation_preference": "open",
                "capacity_reservation_target": []
              }
            ],
            "cpu_core_count": 1,
            "cpu_threads_per_core": 2,
            "credit_specification": [],
            "disable_api_termination": false,
            "ebs_block_device": [
              {
                "delete_on_termination": true,
                "device_name": "/dev/sdb",
                "encrypted": false,
                "iops": 0,
                "kms_key_id": "",
                "snapshot_id": "snap-01ec0a98cdc4aa662",
                "tags": {},
                "throughput": 0,
                "volume_id": "vol-041afa631d53faeb0",
                "volume_size": 30,
                "volume_type": "standard"
              }
            ],
            "ebs_optimized": false,
            "enclave_options": [
              {
                "enabled": false
              }
            ],
            "ephemeral_block_device": [],
            "get_password_data": false,
            "hibernation": false,
            "host_id": null,
            "iam_instance_profile": "",
            "id": "i-0b0fcb7ea563b9a9c",
            "instance_initiated_shutdown_behavior": "stop",
            "instance_state": "running",
            "instance_type": "c5.large",
            "ipv6_address_count": 0,
            "ipv6_addresses": [],
            "key_name": "id_rsa",
            "launch_template": [],
            "maintenance_options": [
              {
                "auto_recovery": "default"
              }
            ],
            "metadata_options": [
              {
                "http_endpoint": "enabled",
                "http_put_response_hop_limit": 1,
                "http_tokens": "optional",
                "instance_metadata_tags": "disabled"
              }
            ],
            "monitoring": false,
            "network_interface": [
              {
                "delete_on_termination": false,
                "device_index": 0,
                "network_card_index": 0,
                "network_interface_id": "eni-0a8e72428ee8b2cdc"
              }
            ],
            "outpost_arn": "",
            "password_data": "",
            "placement_group": "",
            "placement_partition_number": null,
            "primary_network_interface_id": "eni-0a8e72428ee8b2cdc",
            "private_dns": "ip-10-10-2-11.eu-west-1.compute.internal",
            "private_ip": "10.10.2.11",
            "public_dns": "",
            "public_ip": "",
            "root_block_device": [
              {
                "delete_on_termination": true,
                "device_name": "/dev/sda1",
                "encrypted": false,
                "iops": 0,
                "kms_key_id": "",
                "tags": null,
                "throughput": 0,
                "volume_id": "vol-0ecd141b6f749eb0c",
                "volume_size": 2,
                "volume_type": "standard"
              }
            ],
            "secondary_private_ips": [],
            "security_groups": [],
            "source_dest_check": false,
            "subnet_id": "subnet-0dbc8ac8d820bd149",
            "tags": {
              "Name": "FortiWebVM"
            },
            "tags_all": {
              "Name": "FortiWebVM"
            },
            "tenancy": "default",
            "timeouts": null,
            "user_data": "746b8378927cb5413334485ef46c3c0a5d620551",
            "user_data_base64": null,
            "user_data_replace_on_change": false,
            "volume_tags": null,
            "vpc_security_group_ids": [
              "sg-03b83e3e329251a62",
              "sg-0bf4aa184e6950861"
            ]
          },
          "sensitive_attributes": [],
          "private": "eyJlMmJmYjczMC1lY2FhLTExZTYtOGY4OC0zNDM2M2JjN2M0YzAiOnsiY3JlYXRlIjo2MDAwMDAwMDAwMDAsImRlbGV0ZSI6MTIwMDAwMDAwMDAwMCwidXBkYXRlIjo2MDAwMDAwMDAwMDB9LCJzY2hlbWFfdmVyc2lvbiI6IjEifQ==",
          "dependencies": [
            "module.aws_fortiweb_creation.aws_network_interface.eth2",
            "module.aws_fortiweb_creation.data.template_file.FortiWeb"
          ]
        }
      ]
    },
    {
      "module": "module.aws_fortiweb_creation",
      "mode": "managed",
      "type": "aws_network_interface",
      "name": "eth2",
      "provider": "provider[\"registry.terraform.io/hashicorp/aws\"]",
      "instances": [
        {
          "schema_version": 0,
          "attributes": {
            "arn": "arn:aws:ec2:eu-west-1:633496432202:network-interface/eni-0a8e72428ee8b2cdc",
            "attachment": [
              {
                "attachment_id": "eni-attach-03b31dc346d2474b9",
                "device_index": 0,
                "instance": "i-068ee86e433c08f3c"
              }
            ],
            "description": "fweb-port1",
            "id": "eni-0a8e72428ee8b2cdc",
            "interface_type": "interface",
            "ipv4_prefix_count": 0,
            "ipv4_prefixes": [],
            "ipv6_address_count": 0,
            "ipv6_address_list": [],
            "ipv6_address_list_enabled": false,
            "ipv6_addresses": [],
            "ipv6_prefix_count": 0,
            "ipv6_prefixes": [],
            "mac_address": "0a:2b:f8:33:25:df",
            "outpost_arn": "",
            "owner_id": "633496432202",
            "private_dns_name": "ip-10-10-2-11.eu-west-1.compute.internal",
            "private_ip": "10.10.2.11",
            "private_ip_list": [
              "10.10.2.11"
            ],
            "private_ip_list_enabled": false,
            "private_ips": [
              "10.10.2.11"
            ],
            "private_ips_count": 0,
            "security_groups": [
              "sg-03b83e3e329251a62",
              "sg-0bf4aa184e6950861"
            ],
            "source_dest_check": false,
            "subnet_id": "subnet-0dbc8ac8d820bd149",
            "tags": {},
            "tags_all": {}
          },
          "sensitive_attributes": [],
          "private": "bnVsbA==",
          "dependencies": [
            "data.local_file.privatesubnet_id"
          ]
        }
      ]
    },
    {
      "module": "module.aws_fortiweb_creation",
      "mode": "managed",
      "type": "aws_network_interface_sg_attachment",
      "name": "internalattachment_FortiWeb",
      "provider": "provider[\"registry.terraform.io/hashicorp/aws\"]",
      "instances": [
        {
          "schema_version": 0,
          "attributes": {
            "id": "sg-0bf4aa184e6950861_eni-0a8e72428ee8b2cdc",
            "network_interface_id": "eni-0a8e72428ee8b2cdc",
            "security_group_id": "sg-0bf4aa184e6950861"
          },
          "sensitive_attributes": [],
          "private": "bnVsbA==",
          "dependencies": [
            "data.local_file.privatesubnet_id",
            "data.local_file.sg_internal_id",
            "module.aws_fortiweb_creation.aws_network_interface.eth2"
          ]
        }
      ]
    },
    {
      "module": "module.aws_network_creation",
      "mode": "managed",
      "type": "aws_internet_gateway",
      "name": "fgtvmigw",
      "provider": "provider[\"registry.terraform.io/hashicorp/aws\"]",
      "instances": [
        {
          "schema_version": 0,
          "attributes": {
            "arn": "arn:aws:ec2:eu-west-1:633496432202:internet-gateway/igw-03c59f8db98545152",
            "id": "igw-03c59f8db98545152",
            "owner_id": "633496432202",
            "tags": {
              "Name": "fgtvm-igw"
            },
            "tags_all": {
              "Name": "fgtvm-igw"
            },
            "vpc_id": "vpc-046fab49178b09f9b"
          },
          "sensitive_attributes": [],
          "private": "bnVsbA==",
          "dependencies": [
            "module.aws_vpc_creation.aws_vpc.fgtvm-vpc"
          ]
        }
      ]
    },
    {
      "module": "module.aws_network_creation",
      "mode": "managed",
      "type": "aws_route",
      "name": "externalroute",
      "provider": "provider[\"registry.terraform.io/hashicorp/aws\"]",
      "instances": [
        {
          "schema_version": 0,
          "attributes": {
            "carrier_gateway_id": "",
            "core_network_arn": "",
            "destination_cidr_block": "0.0.0.0/0",
            "destination_ipv6_cidr_block": "",
            "destination_prefix_list_id": "",
            "egress_only_gateway_id": "",
            "gateway_id": "igw-03c59f8db98545152",
            "id": "r-rtb-04c8ca980e094212f1080289494",
            "instance_id": "",
            "instance_owner_id": "",
            "local_gateway_id": "",
            "nat_gateway_id": "",
            "network_interface_id": "",
            "origin": "CreateRoute",
            "route_table_id": "rtb-04c8ca980e094212f",
            "state": "active",
            "timeouts": null,
            "transit_gateway_id": "",
            "vpc_endpoint_id": "",
            "vpc_peering_connection_id": ""
          },
          "sensitive_attributes": [],
          "private": "eyJlMmJmYjczMC1lY2FhLTExZTYtOGY4OC0zNDM2M2JjN2M0YzAiOnsiY3JlYXRlIjozMDAwMDAwMDAwMDAsImRlbGV0ZSI6MzAwMDAwMDAwMDAwLCJ1cGRhdGUiOjEyMDAwMDAwMDAwMH19",
          "dependencies": [
            "module.aws_network_creation.aws_internet_gateway.fgtvmigw",
            "module.aws_network_creation.aws_route_table.fgtvmpublicrt",
            "module.aws_vpc_creation.aws_vpc.fgtvm-vpc"
          ]
        }
      ]
    },
    {
      "module": "module.aws_network_creation",
      "mode": "managed",
      "type": "aws_route_table",
      "name": "fgtvmprivatert",
      "provider": "provider[\"registry.terraform.io/hashicorp/aws\"]",
      "instances": [
        {
          "schema_version": 0,
          "attributes": {
            "arn": "arn:aws:ec2:eu-west-1:633496432202:route-table/rtb-0acbe7a85387b7e54",
            "id": "rtb-0acbe7a85387b7e54",
            "owner_id": "633496432202",
            "propagating_vgws": [],
            "route": [
              {
                "carrier_gateway_id": "",
                "cidr_block": "0.0.0.0/0",
                "core_network_arn": "",
                "destination_prefix_list_id": "",
                "egress_only_gateway_id": "",
                "gateway_id": "",
                "instance_id": "i-0d091f340e8dc969c",
                "ipv6_cidr_block": "",
                "local_gateway_id": "",
                "nat_gateway_id": "",
                "network_interface_id": "eni-02a3166345759f036",
                "transit_gateway_id": "",
                "vpc_endpoint_id": "",
                "vpc_peering_connection_id": ""
              }
            ],
            "tags": {
              "Name": "fgtvm-private-rt"
            },
            "tags_all": {
              "Name": "fgtvm-private-rt"
            },
            "timeouts": null,
            "vpc_id": "vpc-046fab49178b09f9b"
          },
          "sensitive_attributes": [],
          "private": "eyJlMmJmYjczMC1lY2FhLTExZTYtOGY4OC0zNDM2M2JjN2M0YzAiOnsiY3JlYXRlIjozMDAwMDAwMDAwMDAsImRlbGV0ZSI6MzAwMDAwMDAwMDAwLCJ1cGRhdGUiOjEyMDAwMDAwMDAwMH19",
          "dependencies": [
            "module.aws_vpc_creation.aws_vpc.fgtvm-vpc"
          ]
        }
      ]
    },
    {
      "module": "module.aws_network_creation",
      "mode": "managed",
      "type": "aws_route_table",
      "name": "fgtvmpublicrt",
      "provider": "provider[\"registry.terraform.io/hashicorp/aws\"]",
      "instances": [
        {
          "schema_version": 0,
          "attributes": {
            "arn": "arn:aws:ec2:eu-west-1:633496432202:route-table/rtb-04c8ca980e094212f",
            "id": "rtb-04c8ca980e094212f",
            "owner_id": "633496432202",
            "propagating_vgws": [],
            "route": [
              {
                "carrier_gateway_id": "",
                "cidr_block": "0.0.0.0/0",
                "core_network_arn": "",
                "destination_prefix_list_id": "",
                "egress_only_gateway_id": "",
                "gateway_id": "igw-03c59f8db98545152",
                "instance_id": "",
                "ipv6_cidr_block": "",
                "local_gateway_id": "",
                "nat_gateway_id": "",
                "network_interface_id": "",
                "transit_gateway_id": "",
                "vpc_endpoint_id": "",
                "vpc_peering_connection_id": ""
              }
            ],
            "tags": {
              "Name": "fgtvm-public-rt"
            },
            "tags_all": {
              "Name": "fgtvm-public-rt"
            },
            "timeouts": null,
            "vpc_id": "vpc-046fab49178b09f9b"
          },
          "sensitive_attributes": [],
          "private": "eyJlMmJmYjczMC1lY2FhLTExZTYtOGY4OC0zNDM2M2JjN2M0YzAiOnsiY3JlYXRlIjozMDAwMDAwMDAwMDAsImRlbGV0ZSI6MzAwMDAwMDAwMDAwLCJ1cGRhdGUiOjEyMDAwMDAwMDAwMH19",
          "dependencies": [
            "module.aws_vpc_creation.aws_vpc.fgtvm-vpc"
          ]
        }
      ]
    },
    {
      "module": "module.aws_network_creation",
      "mode": "managed",
      "type": "aws_route_table_association",
      "name": "internalassociate",
      "provider": "provider[\"registry.terraform.io/hashicorp/aws\"]",
      "instances": [
        {
          "schema_version": 0,
          "attributes": {
            "gateway_id": "",
            "id": "rtbassoc-03e21b0dc71eacc7a",
            "route_table_id": "rtb-0acbe7a85387b7e54",
            "subnet_id": "subnet-0dbc8ac8d820bd149"
          },
          "sensitive_attributes": [],
          "private": "bnVsbA==",
          "dependencies": [
            "data.local_file.privatesubnet_id",
            "module.aws_network_creation.aws_route_table.fgtvmprivatert",
            "module.aws_vpc_creation.aws_vpc.fgtvm-vpc"
          ]
        }
      ]
    },
    {
      "module": "module.aws_network_creation",
      "mode": "managed",
      "type": "aws_route_table_association",
      "name": "public1associate",
      "provider": "provider[\"registry.terraform.io/hashicorp/aws\"]",
      "instances": [
        {
          "schema_version": 0,
          "attributes": {
            "gateway_id": "",
            "id": "rtbassoc-0eacd4031ab6b1af4",
            "route_table_id": "rtb-04c8ca980e094212f",
            "subnet_id": "subnet-05b3f2f69aa46f040"
          },
          "sensitive_attributes": [],
          "private": "bnVsbA==",
          "dependencies": [
            "data.local_file.publicsubnet_id",
            "module.aws_network_creation.aws_route_table.fgtvmpublicrt",
            "module.aws_vpc_creation.aws_vpc.fgtvm-vpc"
          ]
        }
      ]
    },
    {
      "module": "module.aws_network_creation",
      "mode": "managed",
      "type": "aws_security_group",
      "name": "allow_all",
      "provider": "provider[\"registry.terraform.io/hashicorp/aws\"]",
      "instances": [
        {
          "schema_version": 1,
          "attributes": {
            "arn": "arn:aws:ec2:eu-west-1:633496432202:security-group/sg-0370828bb08ee707a",
            "description": "Allow all traffic",
            "egress": [
              {
                "cidr_blocks": [
                  "0.0.0.0/0"
                ],
                "description": "",
                "from_port": 0,
                "ipv6_cidr_blocks": [],
                "prefix_list_ids": [],
                "protocol": "-1",
                "security_groups": [],
                "self": false,
                "to_port": 0
              }
            ],
            "id": "sg-0370828bb08ee707a",
            "ingress": [
              {
                "cidr_blocks": [
                  "0.0.0.0/0"
                ],
                "description": "",
                "from_port": 0,
                "ipv6_cidr_blocks": [],
                "prefix_list_ids": [],
                "protocol": "-1",
                "security_groups": [],
                "self": false,
                "to_port": 0
              }
            ],
            "name": "Allow All",
            "name_prefix": "",
            "owner_id": "633496432202",
            "revoke_rules_on_delete": false,
            "tags": {
              "Name": "Public Allow"
            },
            "tags_all": {
              "Name": "Public Allow"
            },
            "timeouts": null,
            "vpc_id": "vpc-046fab49178b09f9b"
          },
          "sensitive_attributes": [],
          "private": "eyJlMmJmYjczMC1lY2FhLTExZTYtOGY4OC0zNDM2M2JjN2M0YzAiOnsiY3JlYXRlIjo2MDAwMDAwMDAwMDAsImRlbGV0ZSI6OTAwMDAwMDAwMDAwfSwic2NoZW1hX3ZlcnNpb24iOiIxIn0=",
          "dependencies": [
            "module.aws_vpc_creation.aws_vpc.fgtvm-vpc"
          ]
        }
      ]
    },
    {
      "module": "module.aws_network_creation",
      "mode": "managed",
      "type": "aws_security_group",
      "name": "public_allow",
      "provider": "provider[\"registry.terraform.io/hashicorp/aws\"]",
      "instances": [
        {
          "schema_version": 1,
          "attributes": {
            "arn": "arn:aws:ec2:eu-west-1:633496432202:security-group/sg-0bf4aa184e6950861",
            "description": "Public Allow traffic",
            "egress": [
              {
                "cidr_blocks": [
                  "0.0.0.0/0"
                ],
                "description": "",
                "from_port": 0,
                "ipv6_cidr_blocks": [],
                "prefix_list_ids": [],
                "protocol": "-1",
                "security_groups": [],
                "self": false,
                "to_port": 0
              }
            ],
            "id": "sg-0bf4aa184e6950861",
            "ingress": [
              {
                "cidr_blocks": [
                  "0.0.0.0/0"
                ],
                "description": "",
                "from_port": 22,
                "ipv6_cidr_blocks": [],
                "prefix_list_ids": [],
                "protocol": "tcp",
                "security_groups": [],
                "self": false,
                "to_port": 22
              },
              {
                "cidr_blocks": [
                  "0.0.0.0/0"
                ],
                "description": "",
                "from_port": 443,
                "ipv6_cidr_blocks": [],
                "prefix_list_ids": [],
                "protocol": "tcp",
                "security_groups": [],
                "self": false,
                "to_port": 443
              },
              {
                "cidr_blocks": [
                  "0.0.0.0/0"
                ],
                "description": "",
                "from_port": 8443,
                "ipv6_cidr_blocks": [],
                "prefix_list_ids": [],
                "protocol": "tcp",
                "security_groups": [],
                "self": false,
                "to_port": 8443
              },
              {
                "cidr_blocks": [
                  "0.0.0.0/0"
                ],
                "description": "",
                "from_port": 9443,
                "ipv6_cidr_blocks": [],
                "prefix_list_ids": [],
                "protocol": "tcp",
                "security_groups": [],
                "self": false,
                "to_port": 9443
              },
              {
                "cidr_blocks": [
                  "0.0.0.0/0"
                ],
                "description": "ESP_No_NAT",
                "from_port": 500,
                "ipv6_cidr_blocks": [],
                "prefix_list_ids": [],
                "protocol": "udp",
                "security_groups": [],
                "self": false,
                "to_port": 500
              },
              {
                "cidr_blocks": [
                  "0.0.0.0/0"
                ],
                "description": "ESP_With_NAT",
                "from_port": 4500,
                "ipv6_cidr_blocks": [],
                "prefix_list_ids": [],
                "protocol": "udp",
                "security_groups": [],
                "self": false,
                "to_port": 4500
              },
              {
                "cidr_blocks": [
                  "0.0.0.0/0"
                ],
                "description": "HTTP from VPC",
                "from_port": 80,
                "ipv6_cidr_blocks": [
                  "::/0"
                ],
                "prefix_list_ids": [],
                "protocol": "tcp",
                "security_groups": [],
                "self": false,
                "to_port": 80
              }
            ],
            "name": "Public Allow",
            "name_prefix": "",
            "owner_id": "633496432202",
            "revoke_rules_on_delete": false,
            "tags": {
              "Name": "Public Allow"
            },
            "tags_all": {
              "Name": "Public Allow"
            },
            "timeouts": null,
            "vpc_id": "vpc-046fab49178b09f9b"
          },
          "sensitive_attributes": [],
          "private": "eyJlMmJmYjczMC1lY2FhLTExZTYtOGY4OC0zNDM2M2JjN2M0YzAiOnsiY3JlYXRlIjo2MDAwMDAwMDAwMDAsImRlbGV0ZSI6OTAwMDAwMDAwMDAwfSwic2NoZW1hX3ZlcnNpb24iOiIxIn0=",
          "dependencies": [
            "module.aws_vpc_creation.aws_vpc.fgtvm-vpc"
          ]
        }
      ]
    },
    {
      "module": "module.aws_network_creation",
      "mode": "managed",
      "type": "local_file",
      "name": "fgtvmprivatert_id",
      "provider": "provider[\"registry.terraform.io/hashicorp/local\"]",
      "instances": [
        {
          "schema_version": 0,
          "attributes": {
            "content": "rtb-0acbe7a85387b7e54",
            "content_base64": null,
            "directory_permission": "0777",
            "file_permission": "0777",
            "filename": "fgtvmprivatert_id",
            "id": "1a5ecdf09d887de621c3abdfc81cbcf872bc5562",
            "sensitive_content": null,
            "source": null
          },
          "sensitive_attributes": [],
          "private": "bnVsbA==",
          "dependencies": [
            "module.aws_network_creation.aws_route_table.fgtvmprivatert",
            "module.aws_vpc_creation.aws_vpc.fgtvm-vpc"
          ]
        }
      ]
    },
    {
      "module": "module.aws_network_creation",
      "mode": "managed",
      "type": "local_file",
      "name": "sg_internal_id",
      "provider": "provider[\"registry.terraform.io/hashicorp/local\"]",
      "instances": [
        {
          "schema_version": 0,
          "attributes": {
            "content": "sg-0bf4aa184e6950861",
            "content_base64": null,
            "directory_permission": "0777",
            "file_permission": "0777",
            "filename": "sg_internal_id",
            "id": "222c50a5d645c9cbe8c4e7e1cc759896bce6df25",
            "sensitive_content": null,
            "source": null
          },
          "sensitive_attributes": [],
          "private": "bnVsbA==",
          "dependencies": [
            "module.aws_network_creation.aws_security_group.public_allow",
            "module.aws_vpc_creation.aws_vpc.fgtvm-vpc"
          ]
        }
      ]
    },
    {
      "module": "module.aws_network_creation",
      "mode": "managed",
      "type": "local_file",
      "name": "sg_public_id",
      "provider": "provider[\"registry.terraform.io/hashicorp/local\"]",
      "instances": [
        {
          "schema_version": 0,
          "attributes": {
            "content": "sg-0370828bb08ee707a",
            "content_base64": null,
            "directory_permission": "0777",
            "file_permission": "0777",
            "filename": "sg_public_id",
            "id": "f10dd8083df6c04524410fc28288f3cd276e99de",
            "sensitive_content": null,
            "source": null
          },
          "sensitive_attributes": [],
          "private": "bnVsbA==",
          "dependencies": [
            "module.aws_network_creation.aws_security_group.allow_all",
            "module.aws_vpc_creation.aws_vpc.fgtvm-vpc"
          ]
        }
      ]
    },
    {
      "module": "module.aws_vpc_creation",
      "mode": "managed",
      "type": "aws_subnet",
      "name": "privatesubnetaz1",
      "provider": "provider[\"registry.terraform.io/hashicorp/aws\"]",
      "instances": [
        {
          "schema_version": 1,
          "attributes": {
            "arn": "arn:aws:ec2:eu-west-1:633496432202:subnet/subnet-0dbc8ac8d820bd149",
            "assign_ipv6_address_on_creation": false,
            "availability_zone": "eu-west-1a",
            "availability_zone_id": "euw1-az3",
            "cidr_block": "10.10.2.0/24",
            "customer_owned_ipv4_pool": "",
            "enable_dns64": false,
            "enable_resource_name_dns_a_record_on_launch": false,
            "enable_resource_name_dns_aaaa_record_on_launch": false,
            "id": "subnet-0dbc8ac8d820bd149",
            "ipv6_cidr_block": "",
            "ipv6_cidr_block_association_id": "",
            "ipv6_native": false,
            "map_customer_owned_ip_on_launch": false,
            "map_public_ip_on_launch": false,
            "outpost_arn": "",
            "owner_id": "633496432202",
            "private_dns_hostname_type_on_launch": "ip-name",
            "tags": {
              "Name": "AWS-Protected-Network"
            },
            "tags_all": {
              "Name": "AWS-Protected-Network"
            },
            "timeouts": null,
            "vpc_id": "vpc-046fab49178b09f9b"
          },
          "sensitive_attributes": [],
          "private": "eyJlMmJmYjczMC1lY2FhLTExZTYtOGY4OC0zNDM2M2JjN2M0YzAiOnsiY3JlYXRlIjo2MDAwMDAwMDAwMDAsImRlbGV0ZSI6MTIwMDAwMDAwMDAwMH0sInNjaGVtYV92ZXJzaW9uIjoiMSJ9",
          "dependencies": [
            "module.aws_vpc_creation.aws_vpc.fgtvm-vpc"
          ]
        }
      ]
    },
    {
      "module": "module.aws_vpc_creation",
      "mode": "managed",
      "type": "aws_subnet",
      "name": "publicsubnetaz1",
      "provider": "provider[\"registry.terraform.io/hashicorp/aws\"]",
      "instances": [
        {
          "schema_version": 1,
          "attributes": {
            "arn": "arn:aws:ec2:eu-west-1:633496432202:subnet/subnet-05b3f2f69aa46f040",
            "assign_ipv6_address_on_creation": false,
            "availability_zone": "eu-west-1a",
            "availability_zone_id": "euw1-az3",
            "cidr_block": "10.10.1.0/24",
            "customer_owned_ipv4_pool": "",
            "enable_dns64": false,
            "enable_resource_name_dns_a_record_on_launch": false,
            "enable_resource_name_dns_aaaa_record_on_launch": false,
            "id": "subnet-05b3f2f69aa46f040",
            "ipv6_cidr_block": "",
            "ipv6_cidr_block_association_id": "",
            "ipv6_native": false,
            "map_customer_owned_ip_on_launch": false,
            "map_public_ip_on_launch": false,
            "outpost_arn": "",
            "owner_id": "633496432202",
            "private_dns_hostname_type_on_launch": "ip-name",
            "tags": {
              "Name": "AWS-Unprotected-Network"
            },
            "tags_all": {
              "Name": "AWS-Unprotected-Network"
            },
            "timeouts": null,
            "vpc_id": "vpc-046fab49178b09f9b"
          },
          "sensitive_attributes": [],
          "private": "eyJlMmJmYjczMC1lY2FhLTExZTYtOGY4OC0zNDM2M2JjN2M0YzAiOnsiY3JlYXRlIjo2MDAwMDAwMDAwMDAsImRlbGV0ZSI6MTIwMDAwMDAwMDAwMH0sInNjaGVtYV92ZXJzaW9uIjoiMSJ9",
          "dependencies": [
            "module.aws_vpc_creation.aws_vpc.fgtvm-vpc"
          ]
        }
      ]
    },
    {
      "module": "module.aws_vpc_creation",
      "mode": "managed",
      "type": "aws_vpc",
      "name": "fgtvm-vpc",
      "provider": "provider[\"registry.terraform.io/hashicorp/aws\"]",
      "instances": [
        {
          "schema_version": 1,
          "attributes": {
            "arn": "arn:aws:ec2:eu-west-1:633496432202:vpc/vpc-046fab49178b09f9b",
            "assign_generated_ipv6_cidr_block": false,
            "cidr_block": "10.10.0.0/16",
            "default_network_acl_id": "acl-0ffe3098a76b1a77c",
            "default_route_table_id": "rtb-03d91915e9fa44b22",
            "default_security_group_id": "sg-03b83e3e329251a62",
            "dhcp_options_id": "dopt-017f0975aa9997fa2",
            "enable_classiclink": false,
            "enable_classiclink_dns_support": false,
            "enable_dns_hostnames": true,
            "enable_dns_support": true,
            "id": "vpc-046fab49178b09f9b",
            "instance_tenancy": "default",
            "ipv4_ipam_pool_id": null,
            "ipv4_netmask_length": null,
            "ipv6_association_id": "",
            "ipv6_cidr_block": "",
            "ipv6_cidr_block_network_border_group": "",
            "ipv6_ipam_pool_id": "",
            "ipv6_netmask_length": 0,
            "main_route_table_id": "rtb-03d91915e9fa44b22",
            "owner_id": "633496432202",
            "tags": {
              "Name": "FFT-Public-Cloud"
            },
            "tags_all": {
              "Name": "FFT-Public-Cloud"
            }
          },
          "sensitive_attributes": [],
          "private": "eyJzY2hlbWFfdmVyc2lvbiI6IjEifQ=="
        }
      ]
    },
    {
      "module": "module.aws_vpc_creation",
      "mode": "managed",
      "type": "local_file",
      "name": "privatesubnet_id",
      "provider": "provider[\"registry.terraform.io/hashicorp/local\"]",
      "instances": [
        {
          "schema_version": 0,
          "attributes": {
            "content": "subnet-0dbc8ac8d820bd149",
            "content_base64": null,
            "directory_permission": "0777",
            "file_permission": "0777",
            "filename": "privatesubnet_id",
            "id": "7f03b7db92ce184b551c9eb831bc8a3cbd550297",
            "sensitive_content": null,
            "source": null
          },
          "sensitive_attributes": [],
          "private": "bnVsbA==",
          "dependencies": [
            "module.aws_vpc_creation.aws_subnet.privatesubnetaz1",
            "module.aws_vpc_creation.aws_vpc.fgtvm-vpc"
          ]
        }
      ]
    },
    {
      "module": "module.aws_vpc_creation",
      "mode": "managed",
      "type": "local_file",
      "name": "publicsubnet_id",
      "provider": "provider[\"registry.terraform.io/hashicorp/local\"]",
      "instances": [
        {
          "schema_version": 0,
          "attributes": {
            "content": "subnet-05b3f2f69aa46f040",
            "content_base64": null,
            "directory_permission": "0777",
            "file_permission": "0777",
            "filename": "publicsubnet_id",
            "id": "871438bebbc08253e611e7f1be71541070ec45e7",
            "sensitive_content": null,
            "source": null
          },
          "sensitive_attributes": [],
          "private": "bnVsbA==",
          "dependencies": [
            "module.aws_vpc_creation.aws_subnet.publicsubnetaz1",
            "module.aws_vpc_creation.aws_vpc.fgtvm-vpc"
          ]
        }
      ]
    },
    {
      "module": "module.aws_webserver_creation",
      "mode": "managed",
      "type": "aws_instance",
      "name": "web",
      "provider": "provider[\"registry.terraform.io/hashicorp/aws\"]",
      "instances": [
        {
          "schema_version": 1,
          "attributes": {
            "ami": "ami-096f8c32c1df88f22",
            "arn": "arn:aws:ec2:eu-west-1:633496432202:instance/i-0a7627a2be4d20e87",
            "associate_public_ip_address": false,
            "availability_zone": "eu-west-1a",
            "capacity_reservation_specification": [
              {
                "capacity_reservation_preference": "open",
                "capacity_reservation_target": []
              }
            ],
            "cpu_core_count": 1,
            "cpu_threads_per_core": 1,
            "credit_specification": [
              {
                "cpu_credits": "standard"
              }
            ],
            "disable_api_termination": false,
            "ebs_block_device": [],
            "ebs_optimized": false,
            "enclave_options": [
              {
                "enabled": false
              }
            ],
            "ephemeral_block_device": [],
            "get_password_data": false,
            "hibernation": false,
            "host_id": null,
            "iam_instance_profile": "",
            "id": "i-0a7627a2be4d20e87",
            "instance_initiated_shutdown_behavior": "stop",
            "instance_state": "running",
            "instance_type": "t2.micro",
            "ipv6_address_count": 0,
            "ipv6_addresses": [],
            "key_name": "id_rsa",
            "launch_template": [],
            "maintenance_options": [
              {
                "auto_recovery": "default"
              }
            ],
            "metadata_options": [
              {
                "http_endpoint": "enabled",
                "http_put_response_hop_limit": 1,
                "http_tokens": "optional",
                "instance_metadata_tags": "disabled"
              }
            ],
            "monitoring": false,
            "network_interface": [
              {
                "delete_on_termination": false,
                "device_index": 0,
                "network_card_index": 0,
                "network_interface_id": "eni-0c26a6d6927212524"
              }
            ],
            "outpost_arn": "",
            "password_data": "",
            "placement_group": "",
            "placement_partition_number": null,
            "primary_network_interface_id": "eni-0c26a6d6927212524",
            "private_dns": "ip-10-10-2-12.eu-west-1.compute.internal",
            "private_ip": "10.10.2.12",
            "public_dns": "",
            "public_ip": "",
            "root_block_device": [
              {
                "delete_on_termination": true,
                "device_name": "/dev/sda1",
                "encrypted": false,
                "iops": 100,
                "kms_key_id": "",
                "tags": {},
                "throughput": 0,
                "volume_id": "vol-0629957ef4c318f25",
                "volume_size": 10,
                "volume_type": "gp2"
              }
            ],
            "secondary_private_ips": [],
            "security_groups": [],
            "source_dest_check": false,
            "subnet_id": "subnet-0dbc8ac8d820bd149",
            "tags": {
              "Name": "Web-Server"
            },
            "tags_all": {
              "Name": "Web-Server"
            },
            "tenancy": "default",
            "timeouts": null,
            "user_data": "aa3b7dc0ebf27336fbcced2606591625f62fbea8",
            "user_data_base64": null,
            "user_data_replace_on_change": false,
            "volume_tags": {
              "Name": "Web-Server"
            },
            "vpc_security_group_ids": [
              "sg-03b83e3e329251a62",
              "sg-0bf4aa184e6950861"
            ]
          },
          "sensitive_attributes": [],
          "private": "eyJlMmJmYjczMC1lY2FhLTExZTYtOGY4OC0zNDM2M2JjN2M0YzAiOnsiY3JlYXRlIjo2MDAwMDAwMDAwMDAsImRlbGV0ZSI6MTIwMDAwMDAwMDAwMCwidXBkYXRlIjo2MDAwMDAwMDAwMDB9LCJzY2hlbWFfdmVyc2lvbiI6IjEifQ==",
          "dependencies": [
            "data.local_file.privatesubnet_id",
            "module.aws_webserver_creation.aws_network_interface.eth3"
          ]
        }
      ]
    },
    {
      "module": "module.aws_webserver_creation",
      "mode": "managed",
      "type": "aws_network_interface",
      "name": "eth3",
      "provider": "provider[\"registry.terraform.io/hashicorp/aws\"]",
      "instances": [
        {
          "schema_version": 0,
          "attributes": {
            "arn": "arn:aws:ec2:eu-west-1:633496432202:network-interface/eni-0c26a6d6927212524",
            "attachment": [
              {
                "attachment_id": "eni-attach-0df059fe7f63791b5",
                "device_index": 0,
                "instance": "i-0a7627a2be4d20e87"
              }
            ],
            "description": "Web-Server-port1",
            "id": "eni-0c26a6d6927212524",
            "interface_type": "interface",
            "ipv4_prefix_count": 0,
            "ipv4_prefixes": [],
            "ipv6_address_count": 0,
            "ipv6_address_list": [],
            "ipv6_address_list_enabled": false,
            "ipv6_addresses": [],
            "ipv6_prefix_count": 0,
            "ipv6_prefixes": [],
            "mac_address": "0a:46:07:68:c2:f5",
            "outpost_arn": "",
            "owner_id": "633496432202",
            "private_dns_name": "ip-10-10-2-12.eu-west-1.compute.internal",
            "private_ip": "10.10.2.12",
            "private_ip_list": [
              "10.10.2.12"
            ],
            "private_ip_list_enabled": false,
            "private_ips": [
              "10.10.2.12"
            ],
            "private_ips_count": 0,
            "security_groups": [
              "sg-03b83e3e329251a62",
              "sg-0bf4aa184e6950861"
            ],
            "source_dest_check": false,
            "subnet_id": "subnet-0dbc8ac8d820bd149",
            "tags": {},
            "tags_all": {}
          },
          "sensitive_attributes": [],
          "private": "bnVsbA==",
          "dependencies": [
            "data.local_file.privatesubnet_id"
          ]
        }
      ]
    },
    {
      "module": "module.aws_webserver_creation",
      "mode": "managed",
      "type": "aws_network_interface_sg_attachment",
      "name": "internalattachment_WebServer",
      "provider": "provider[\"registry.terraform.io/hashicorp/aws\"]",
      "instances": [
        {
          "schema_version": 0,
          "attributes": {
            "id": "sg-0bf4aa184e6950861_eni-0c26a6d6927212524",
            "network_interface_id": "eni-0c26a6d6927212524",
            "security_group_id": "sg-0bf4aa184e6950861"
          },
          "sensitive_attributes": [],
          "private": "bnVsbA==",
          "dependencies": [
            "data.local_file.privatesubnet_id",
            "data.local_file.sg_internal_id",
            "module.aws_webserver_creation.aws_network_interface.eth3"
          ]
        }
      ]
    }
  ]
}
